
Microsoft Visual Studio Solution File, Format Version 12.00
# Visual Studio Version 17
VisualStudioVersion = 17.11.35312.102
MinimumVisualStudioVersion = 10.0.40219.1
Project("{FAE04EC0-301F-11D3-BF4B-00C04F79EFBC}") = "URLShortner", "URLShortner\URLShortner.csproj", "{02CED544-5EC0-407E-85DE-73D68C1633EA}"
EndProject
Global
	GlobalSection(SolutionConfigurationPlatforms) = preSolution
		Debug|Any CPU = Debug|Any CPU
		Release|Any CPU = Release|Any CPU
	EndGlobalSection
	GlobalSection(ProjectConfigurationPlatforms) = postSolution
		{02CED544-5EC0-407E-85DE-73D68C1633EA}.Debug|Any CPU.ActiveCfg = Debug|Any CPU
		{02CED544-5EC0-407E-85DE-73D68C1633EA}.Debug|Any CPU.Build.0 = Debug|Any CPU
		{02CED544-5EC0-407E-85DE-73D68C1633EA}.Release|Any CPU.ActiveCfg = Release|Any CPU
		{02CED544-5EC0-407E-85DE-73D68C1633EA}.Release|Any CPU.Build.0 = Release|Any CPU
	EndGlobalSection
	GlobalSection(SolutionProperties) = preSolution
		HideSolutionNode = FALSE
	EndGlobalSection
	GlobalSection(ExtensibilityGlobals) = postSolution
		SolutionGuid = {E3ED1E05-C21E-478B-ACC0-5ACB46C42EA6}
	EndGlobalSection
EndGlobal
